
Microsoft Visual Studio Solution File, Format Version 12.00
# Visual Studio Version 17
VisualStudioVersion = 17.10.35027.167
MinimumVisualStudioVersion = 10.0.40219.1
Project("{FAE04EC0-301F-11D3-BF4B-00C04F79EFBC}") = "RealEstate_Dapper_Api", "RealEstate_Dapper_Api\RealEstate_Dapper_Api.csproj", "{B80A0909-C0DF-4BEB-ADE0-14C18447A519}"
EndProject
Project("{FAE04EC0-301F-11D3-BF4B-00C04F79EFBC}") = "RealEstate_Dapper_UI", "RealEstate_Dapper_UI\RealEstate_Dapper_UI.csproj", "{6B0E6681-7DF9-4D89-AE25-FCF1CF2FAECF}"
EndProject
Global
	GlobalSection(SolutionConfigurationPlatforms) = preSolution
		Debug|Any CPU = Debug|Any CPU
		Release|Any CPU = Release|Any CPU
	EndGlobalSection
	GlobalSection(ProjectConfigurationPlatforms) = postSolution
		{B80A0909-C0DF-4BEB-ADE0-14C18447A519}.Debug|Any CPU.ActiveCfg = Debug|Any CPU
		{B80A0909-C0DF-4BEB-ADE0-14C18447A519}.Debug|Any CPU.Build.0 = Debug|Any CPU
		{B80A0909-C0DF-4BEB-ADE0-14C18447A519}.Release|Any CPU.ActiveCfg = Release|Any CPU
		{B80A0909-C0DF-4BEB-ADE0-14C18447A519}.Release|Any CPU.Build.0 = Release|Any CPU
		{6B0E6681-7DF9-4D89-AE25-FCF1CF2FAECF}.Debug|Any CPU.ActiveCfg = Debug|Any CPU
		{6B0E6681-7DF9-4D89-AE25-FCF1CF2FAECF}.Debug|Any CPU.Build.0 = Debug|Any CPU
		{6B0E6681-7DF9-4D89-AE25-FCF1CF2FAECF}.Release|Any CPU.ActiveCfg = Release|Any CPU
		{6B0E6681-7DF9-4D89-AE25-FCF1CF2FAECF}.Release|Any CPU.Build.0 = Release|Any CPU
	EndGlobalSection
	GlobalSection(SolutionProperties) = preSolution
		HideSolutionNode = FALSE
	EndGlobalSection
	GlobalSection(ExtensibilityGlobals) = postSolution
		SolutionGuid = {CB547E80-B8E8-4679-8052-0F52627B9AA8}
	EndGlobalSection
EndGlobal
